
Microsoft Visual Studio Solution File, Format Version 12.00
# Visual Studio Version 16
VisualStudioVersion = 16.0.30002.166
MinimumVisualStudioVersion = 10.0.40219.1
Project("{9A19103F-16F7-4668-BE54-9A1E7A4F7556}") = "login", "login\login.csproj", "{43D4C4EF-3D8C-41FD-BFD6-5FDF40C512CC}"
EndProject
Global
	GlobalSection(SolutionConfigurationPlatforms) = preSolution
		Debug|Any CPU = Debug|Any CPU
		Release|Any CPU = Release|Any CPU
	EndGlobalSection
	GlobalSection(ProjectConfigurationPlatforms) = postSolution
		{43D4C4EF-3D8C-41FD-BFD6-5FDF40C512CC}.Debug|Any CPU.ActiveCfg = Debug|Any CPU
		{43D4C4EF-3D8C-41FD-BFD6-5FDF40C512CC}.Debug|Any CPU.Build.0 = Debug|Any CPU
		{43D4C4EF-3D8C-41FD-BFD6-5FDF40C512CC}.Release|Any CPU.ActiveCfg = Release|Any CPU
		{43D4C4EF-3D8C-41FD-BFD6-5FDF40C512CC}.Release|Any CPU.Build.0 = Release|Any CPU
	EndGlobalSection
	GlobalSection(SolutionProperties) = preSolution
		HideSolutionNode = FALSE
	EndGlobalSection
	GlobalSection(ExtensibilityGlobals) = postSolution
		SolutionGuid = {BFDA69A7-3103-4CBF-BDBC-34F1F4CA5ED1}
	EndGlobalSection
EndGlobal
